
Microsoft Visual Studio Solution File, Format Version 12.00
# Visual Studio 2013
VisualStudioVersion = 12.0.21005.1
MinimumVisualStudioVersion = 10.0.40219.1
Project("{FAE04EC0-301F-11D3-BF4B-00C04F79EFBC}") = "Grados", "Grados\Grados.csproj", "{352A469B-36D2-47FE-B14C-B08E8032B62E}"
EndProject
Project("{F088123C-0E9E-452A-89E6-6BA2F21D5CAC}") = "ModelingProject1", "ModelingProject1\ModelingProject1.modelproj", "{B7E7C897-8D0B-48DC-8687-99353EB3ED0A}"
EndProject
Project("{FAE04EC0-301F-11D3-BF4B-00C04F79EFBC}") = "Grados.Tests", "Grados.Tests\Grados.Tests.csproj", "{C64F0978-E632-401A-9E71-04E142EB4BAA}"
EndProject
Global
	GlobalSection(SolutionConfigurationPlatforms) = preSolution
		Debug|Any CPU = Debug|Any CPU
		Release|Any CPU = Release|Any CPU
	EndGlobalSection
	GlobalSection(ProjectConfigurationPlatforms) = postSolution
		{352A469B-36D2-47FE-B14C-B08E8032B62E}.Debug|Any CPU.ActiveCfg = Debug|Any CPU
		{352A469B-36D2-47FE-B14C-B08E8032B62E}.Debug|Any CPU.Build.0 = Debug|Any CPU
		{352A469B-36D2-47FE-B14C-B08E8032B62E}.Release|Any CPU.ActiveCfg = Release|Any CPU
		{352A469B-36D2-47FE-B14C-B08E8032B62E}.Release|Any CPU.Build.0 = Release|Any CPU
		{B7E7C897-8D0B-48DC-8687-99353EB3ED0A}.Debug|Any CPU.ActiveCfg = Debug|Any CPU
		{B7E7C897-8D0B-48DC-8687-99353EB3ED0A}.Debug|Any CPU.Build.0 = Debug|Any CPU
		{B7E7C897-8D0B-48DC-8687-99353EB3ED0A}.Release|Any CPU.ActiveCfg = Release|Any CPU
		{B7E7C897-8D0B-48DC-8687-99353EB3ED0A}.Release|Any CPU.Build.0 = Release|Any CPU
		{C64F0978-E632-401A-9E71-04E142EB4BAA}.Debug|Any CPU.ActiveCfg = Debug|Any CPU
		{C64F0978-E632-401A-9E71-04E142EB4BAA}.Debug|Any CPU.Build.0 = Debug|Any CPU
		{C64F0978-E632-401A-9E71-04E142EB4BAA}.Release|Any CPU.ActiveCfg = Release|Any CPU
		{C64F0978-E632-401A-9E71-04E142EB4BAA}.Release|Any CPU.Build.0 = Release|Any CPU
	EndGlobalSection
	GlobalSection(SolutionProperties) = preSolution
		HideSolutionNode = FALSE
	EndGlobalSection
EndGlobal
